{
    "_readme": [
        "This file locks the dependencies of your project to a known state",
        "Read more about it at https://getcomposer.org/doc/01-basic-usage.md#installing-dependencies",
        "This file is @generated automatically"
    ],
    "content-hash": "75896b721c0f4e35af82b57eb19977cf",
    "packages": [
        {
            "name": "damirco/attr",
            "version": "v0.1.0",
            "source": {
                "type": "git",
                "url": "https://github.com/damirco/attr.git",
                "reference": "c685c79e9d31e143401e7b2c117cd224ad8fa1ae"
            },
            "dist": {
                "type": "zip",
                "url": "https://api.github.com/repos/damirco/attr/zipball/c685c79e9d31e143401e7b2c117cd224ad8fa1ae",
                "reference": "c685c79e9d31e143401e7b2c117cd224ad8fa1ae",
                "shasum": ""
            },
            "require-dev": {
                "phpunit/phpunit": "^10.0"
            },
            "type": "library",
            "autoload": {
                "psr-4": {
                    "Damirco\\Attr\\": "src/"
                }
            },
            "notification-url": "https://packagist.org/downloads/",
            "license": [
                "MIT"
            ],
            "authors": [
                {
                    "name": "Damir"
                }
            ],
            "description": "PHP Attributes Library Package",
            "support": {
                "issues": "https://github.com/damirco/attr/issues",
                "source": "https://github.com/damirco/attr/tree/v0.1.0"
            },
            "time": "2026-06-28T16:00:43+00:00"
        }
    ],
    "packages-dev": [],
    "aliases": [],
    "minimum-stability": "stable",
    "stability-flags": {},
    "prefer-stable": false,
    "prefer-lowest": false,
    "platform": {},
    "platform-dev": {},
    "plugin-api-version": "2.9.0"
}
